
Microsoft Visual Studio Solution File, Format Version 12.00
# Visual Studio Version 17
VisualStudioVersion = 17.2.32616.157
MinimumVisualStudioVersion = 10.0.40219.1
Project("{FAE04EC0-301F-11D3-BF4B-00C04F79EFBC}") = "Week_6_Activity_13", "Week_6_Activity_13\Week_6_Activity_13.csproj", "{094461FA-D8BF-4CC0-A1DB-907A2E7B1367}"
EndProject
Global
	GlobalSection(SolutionConfigurationPlatforms) = preSolution
		Debug|Any CPU = Debug|Any CPU
		Release|Any CPU = Release|Any CPU
	EndGlobalSection
	GlobalSection(ProjectConfigurationPlatforms) = postSolution
		{094461FA-D8BF-4CC0-A1DB-907A2E7B1367}.Debug|Any CPU.ActiveCfg = Debug|Any CPU
		{094461FA-D8BF-4CC0-A1DB-907A2E7B1367}.Debug|Any CPU.Build.0 = Debug|Any CPU
		{094461FA-D8BF-4CC0-A1DB-907A2E7B1367}.Release|Any CPU.ActiveCfg = Release|Any CPU
		{094461FA-D8BF-4CC0-A1DB-907A2E7B1367}.Release|Any CPU.Build.0 = Release|Any CPU
	EndGlobalSection
	GlobalSection(SolutionProperties) = preSolution
		HideSolutionNode = FALSE
	EndGlobalSection
	GlobalSection(ExtensibilityGlobals) = postSolution
		SolutionGuid = {8BAC39FE-3FA5-4942-A2D7-8BC26CA2CA2C}
	EndGlobalSection
EndGlobal
